
Microsoft Visual Studio Solution File, Format Version 12.00
# Visual Studio Version 17
VisualStudioVersion = 17.14.36429.23
MinimumVisualStudioVersion = 10.0.40219.1
Project("{2150E333-8FDC-42A3-9474-1A3956D46DE8}") = "Task0", "Task0", "{02EA681E-C7D8-13C7-8484-4AC65E1B71E8}"
EndProject
Project("{FAE04EC0-301F-11D3-BF4B-00C04F79EFBC}") = "Tyuiu.KruchininEP.Sprint5.Task0.V23", "Tyuiu.KruchininEP.Sprint5.Task0.V23\Tyuiu.KruchininEP.Sprint5.Task0.V23.csproj", "{C2350544-4B09-42CC-ACA8-1684C62D535F}"
EndProject
Project("{FAE04EC0-301F-11D3-BF4B-00C04F79EFBC}") = "Tyuiu.KruchininEP.Sprint5.Task0.V23.Lib", "Tyuiu.KruchininEP.Sprint5.Task0.V23.Lib\Tyuiu.KruchininEP.Sprint5.Task0.V23.Lib.csproj", "{A6DB37A4-9892-4B2A-9165-8A4DCE216561}"
EndProject
Project("{FAE04EC0-301F-11D3-BF4B-00C04F79EFBC}") = "Tyuiu.KruchininEP.Sprint5.Task0.V23.Test", "Tyuiu.KruchininEP.Sprint5.Task0.V23.Test\Tyuiu.KruchininEP.Sprint5.Task0.V23.Test.csproj", "{6D6E3D53-725C-4BF7-B1E5-136938C30A66}"
EndProject
Project("{2150E333-8FDC-42A3-9474-1A3956D46DE8}") = "Task1", "Task1", "{17C54FBF-2FFF-4C26-AAD7-1680E54A386A}"
EndProject
Project("{FAE04EC0-301F-11D3-BF4B-00C04F79EFBC}") = "Tyuiu.KruchininEP.Sprint5.Task1.V2", "Tyuiu.KruchininEP.Sprint5.Task1.V2\Tyuiu.KruchininEP.Sprint5.Task1.V2.csproj", "{E4F5FFA3-E122-4D51-93EC-02DE8F7C2857}"
EndProject
Project("{FAE04EC0-301F-11D3-BF4B-00C04F79EFBC}") = "Tyuiu.KruchininEP.Sprint5.Task1.V2.Lib", "Tyuiu.KruchininEP.Sprint5.Task1.V2.Lib\Tyuiu.KruchininEP.Sprint5.Task1.V2.Lib.csproj", "{C53076A4-8029-45DC-8B03-5AD28A5F6006}"
EndProject
Project("{FAE04EC0-301F-11D3-BF4B-00C04F79EFBC}") = "Tyuiu.KruchininEP.Sprint5.Task1.V2.Test", "Tyuiu.KruchininEP.Sprint5.Task1.V2.Test\Tyuiu.KruchininEP.Sprint5.Task1.V2.Test.csproj", "{EB1F1336-97DA-4975-81EA-FCBC0A41F413}"
EndProject
Project("{2150E333-8FDC-42A3-9474-1A3956D46DE8}") = "Task2", "Task2", "{9079F341-1D37-49FE-9EF9-BFB3FCA55D3D}"
EndProject
Project("{FAE04EC0-301F-11D3-BF4B-00C04F79EFBC}") = "Tyuiu.KruchininEP.Sprint5.Task2.V16", "Tyuiu.KruchininEP.Sprint5.Task2.V16\Tyuiu.KruchininEP.Sprint5.Task2.V16.csproj", "{E37484D6-DCD1-4FFA-BDB5-55A52CB1761B}"
EndProject
Project("{FAE04EC0-301F-11D3-BF4B-00C04F79EFBC}") = "Tyuiu.KruchininEP.Sprint5.Task2.V16.Lib", "Tyuiu.KruchininEP.Sprint5.Task2.V16.Lib\Tyuiu.KruchininEP.Sprint5.Task2.V16.Lib.csproj", "{1610E5B1-9B70-4C8A-B7E2-C059F78C1080}"
EndProject
Project("{FAE04EC0-301F-11D3-BF4B-00C04F79EFBC}") = "Tyuiu.KruchininEP.Sprint5.Task2.V16.Test", "Tyuiu.KruchininEP.Sprint5.Task2.V16.Test\Tyuiu.KruchininEP.Sprint5.Task2.V16.Test.csproj", "{7A53553A-DD9C-4AF3-A062-4CAD25A32D09}"
EndProject
Project("{2150E333-8FDC-42A3-9474-1A3956D46DE8}") = "Task3", "Task3", "{A6442C9C-46AA-40AA-B968-3829B036510A}"
EndProject
Project("{FAE04EC0-301F-11D3-BF4B-00C04F79EFBC}") = "Tyuiu.KruchininEP.Sprint5.Task3.V24", "Tyuiu.KruchininEP.Sprint5.Task3.V24\Tyuiu.KruchininEP.Sprint5.Task3.V24.csproj", "{50932F22-6F8B-40DB-BBB7-0BAE9FBCC458}"
EndProject
Project("{FAE04EC0-301F-11D3-BF4B-00C04F79EFBC}") = "Tyuiu.KruchininEP.Sprint5.Task3.V24.Lib", "Tyuiu.KruchininEP.Sprint5.Task3.V24.Lib\Tyuiu.KruchininEP.Sprint5.Task3.V24.Lib.csproj", "{2205C6B7-941B-4C29-9435-55FE4F7823B7}"
EndProject
Project("{FAE04EC0-301F-11D3-BF4B-00C04F79EFBC}") = "Tyuiu.KruchininEP.Sprint5.Task3.V24.Test", "Tyuiu.KruchininEP.Sprint5.Task3.V24.Test\Tyuiu.KruchininEP.Sprint5.Task3.V24.Test.csproj", "{860B4662-A07A-47E4-B14A-481E4AF40DD7}"
EndProject
Project("{2150E333-8FDC-42A3-9474-1A3956D46DE8}") = "Task4", "Task4", "{0B59CE46-597B-421D-91AC-9F88447F5FA5}"
EndProject
Project("{FAE04EC0-301F-11D3-BF4B-00C04F79EFBC}") = "Tyuiu.KruchininEP.Sprint5.Task4.V28", "Tyuiu.KruchininEP.Sprint5.Task4.V28\Tyuiu.KruchininEP.Sprint5.Task4.V28.csproj", "{1ED690E0-7F11-4041-973C-48D14DDB39E8}"
EndProject
Project("{FAE04EC0-301F-11D3-BF4B-00C04F79EFBC}") = "Tyuiu.KruchininEP.Sprint5.Task4.V28.Lib", "Tyuiu.KruchininEP.Sprint5.Task4.V28.Lib\Tyuiu.KruchininEP.Sprint5.Task4.V28.Lib.csproj", "{2ECCB57A-66A4-4CD9-B46F-B5B4267D935D}"
EndProject
Project("{FAE04EC0-301F-11D3-BF4B-00C04F79EFBC}") = "Tyuiu.KruchininEP.Sprint5.Task4.V28.Test", "Tyuiu.KruchininEP.Sprint5.Task4.V28.Test\Tyuiu.KruchininEP.Sprint5.Task4.V28.Test.csproj", "{6CF3105B-A7F0-43F9-B5B9-2C17BD05A1CB}"
EndProject
Project("{2150E333-8FDC-42A3-9474-1A3956D46DE8}") = "Task5", "Task5", "{1411B14B-D54A-4210-B1D0-BCB1F13032DD}"
EndProject
Project("{FAE04EC0-301F-11D3-BF4B-00C04F79EFBC}") = "Tyuiu.KruchininEP.Sprint5.Task5.V11", "Tyuiu.KruchininEP.Sprint5.Task5.V11\Tyuiu.KruchininEP.Sprint5.Task5.V11.csproj", "{A46F1B7C-7B72-4506-8F43-BF2BA3215E1D}"
EndProject
Project("{FAE04EC0-301F-11D3-BF4B-00C04F79EFBC}") = "Tyuiu.KruchininEP.Sprint5.Task5.V11.Lib", "Tyuiu.KruchininEP.Sprint5.Task5.V11.Lib\Tyuiu.KruchininEP.Sprint5.Task5.V11.Lib.csproj", "{F87A0CE6-3357-4404-8D11-1EECE3550C55}"
EndProject
Project("{FAE04EC0-301F-11D3-BF4B-00C04F79EFBC}") = "Tyuiu.KruchininEP.Sprint5.Task5.V11.Test", "Tyuiu.KruchininEP.Sprint5.Task5.V11.Test\Tyuiu.KruchininEP.Sprint5.Task5.V11.Test.csproj", "{38897B66-2F7B-4A53-BA24-AB4DE7372847}"
EndProject
Project("{2150E333-8FDC-42A3-9474-1A3956D46DE8}") = "Task6", "Task6", "{2F28F22D-5ECE-47DF-B238-88685CF0609A}"
EndProject
Project("{FAE04EC0-301F-11D3-BF4B-00C04F79EFBC}") = "Tyuiu.KruchininEP.Sprint5.Task6.V2", "Tyuiu.KruchininEP.Sprint5.Task6.V2\Tyuiu.KruchininEP.Sprint5.Task6.V2.csproj", "{1C1DF62A-2CC7-43CE-ACCB-EC2474564747}"
EndProject
Project("{FAE04EC0-301F-11D3-BF4B-00C04F79EFBC}") = "Tyuiu.KruchininEP.Sprint5.Task6.V2.Lib", "Tyuiu.KruchininEP.Sprint5.Task6.V2.Lib\Tyuiu.KruchininEP.Sprint5.Task6.V2.Lib.csproj", "{0C544B41-58B1-4848-8C6A-F1D340513057}"
EndProject
Project("{FAE04EC0-301F-11D3-BF4B-00C04F79EFBC}") = "Tyuiu.KruchininEP.Sprint5.Task6.V2.Test", "Tyuiu.KruchininEP.Sprint5.Task6.V2.Test\Tyuiu.KruchininEP.Sprint5.Task6.V2.Test.csproj", "{ABC2D21E-F55C-438E-B0A6-8ECE2B597A25}"
EndProject
Project("{2150E333-8FDC-42A3-9474-1A3956D46DE8}") = "Task7", "Task7", "{F8A6CFB4-19AF-47AB-BC66-EC84387DFA89}"
EndProject
Project("{FAE04EC0-301F-11D3-BF4B-00C04F79EFBC}") = "Tyuiu.KruchininEP.Sprint5.Task7.V21", "Tyuiu.KruchininEP.Sprint5.Task7.V21\Tyuiu.KruchininEP.Sprint5.Task7.V21.csproj", "{79FC93A8-80CD-47E0-8F28-BD085F1F229E}"
EndProject
Project("{FAE04EC0-301F-11D3-BF4B-00C04F79EFBC}") = "Tyuiu.KruchininEP.Sprint5.Task7.V21.Lib", "Tyuiu.KruchininEP.Sprint5.Task7.V21.Lib\Tyuiu.KruchininEP.Sprint5.Task7.V21.Lib.csproj", "{45B51B84-DA5A-4234-987B-AF7643CAAD26}"
EndProject
Project("{FAE04EC0-301F-11D3-BF4B-00C04F79EFBC}") = "Tyuiu.KruchininEP.Sprint5.Task7.V21.Test", "Tyuiu.KruchininEP.Sprint5.Task7.V21.Test\Tyuiu.KruchininEP.Sprint5.Task7.V21.Test.csproj", "{4554BC99-81EF-4EA9-86CC-801E2978C0A8}"
EndProject
Global
	GlobalSection(SolutionConfigurationPlatforms) = preSolution
		Debug|Any CPU = Debug|Any CPU
		Release|Any CPU = Release|Any CPU
	EndGlobalSection
	GlobalSection(ProjectConfigurationPlatforms) = postSolution
		{C2350544-4B09-42CC-ACA8-1684C62D535F}.Debug|Any CPU.ActiveCfg = Debug|Any CPU
		{C2350544-4B09-42CC-ACA8-1684C62D535F}.Debug|Any CPU.Build.0 = Debug|Any CPU
		{C2350544-4B09-42CC-ACA8-1684C62D535F}.Release|Any CPU.ActiveCfg = Release|Any CPU
		{C2350544-4B09-42CC-ACA8-1684C62D535F}.Release|Any CPU.Build.0 = Release|Any CPU
		{A6DB37A4-9892-4B2A-9165-8A4DCE216561}.Debug|Any CPU.ActiveCfg = Debug|Any CPU
		{A6DB37A4-9892-4B2A-9165-8A4DCE216561}.Debug|Any CPU.Build.0 = Debug|Any CPU
		{A6DB37A4-9892-4B2A-9165-8A4DCE216561}.Release|Any CPU.ActiveCfg = Release|Any CPU
		{A6DB37A4-9892-4B2A-9165-8A4DCE216561}.Release|Any CPU.Build.0 = Release|Any CPU
		{6D6E3D53-725C-4BF7-B1E5-136938C30A66}.Debug|Any CPU.ActiveCfg = Debug|Any CPU
		{6D6E3D53-725C-4BF7-B1E5-136938C30A66}.Debug|Any CPU.Build.0 = Debug|Any CPU
		{6D6E3D53-725C-4BF7-B1E5-136938C30A66}.Release|Any CPU.ActiveCfg = Release|Any CPU
		{6D6E3D53-725C-4BF7-B1E5-136938C30A66}.Release|Any CPU.Build.0 = Release|Any CPU
		{E4F5FFA3-E122-4D51-93EC-02DE8F7C2857}.Debug|Any CPU.ActiveCfg = Debug|Any CPU
		{E4F5FFA3-E122-4D51-93EC-02DE8F7C2857}.Debug|Any CPU.Build.0 = Debug|Any CPU
		{E4F5FFA3-E122-4D51-93EC-02DE8F7C2857}.Release|Any CPU.ActiveCfg = Release|Any CPU
		{E4F5FFA3-E122-4D51-93EC-02DE8F7C2857}.Release|Any CPU.Build.0 = Release|Any CPU
		{C53076A4-8029-45DC-8B03-5AD28A5F6006}.Debug|Any CPU.ActiveCfg = Debug|Any CPU
		{C53076A4-8029-45DC-8B03-5AD28A5F6006}.Debug|Any CPU.Build.0 = Debug|Any CPU
		{C53076A4-8029-45DC-8B03-5AD28A5F6006}.Release|Any CPU.ActiveCfg = Release|Any CPU
		{C53076A4-8029-45DC-8B03-5AD28A5F6006}.Release|Any CPU.Build.0 = Release|Any CPU
		{EB1F1336-97DA-4975-81EA-FCBC0A41F413}.Debug|Any CPU.ActiveCfg = Debug|Any CPU
		{EB1F1336-97DA-4975-81EA-FCBC0A41F413}.Debug|Any CPU.Build.0 = Debug|Any CPU
		{EB1F1336-97DA-4975-81EA-FCBC0A41F413}.Release|Any CPU.ActiveCfg = Release|Any CPU
		{EB1F1336-97DA-4975-81EA-FCBC0A41F413}.Release|Any CPU.Build.0 = Release|Any CPU
		{E37484D6-DCD1-4FFA-BDB5-55A52CB1761B}.Debug|Any CPU.ActiveCfg = Debug|Any CPU
		{E37484D6-DCD1-4FFA-BDB5-55A52CB1761B}.Debug|Any CPU.Build.0 = Debug|Any CPU
		{E37484D6-DCD1-4FFA-BDB5-55A52CB1761B}.Release|Any CPU.ActiveCfg = Release|Any CPU
		{E37484D6-DCD1-4FFA-BDB5-55A52CB1761B}.Release|Any CPU.Build.0 = Release|Any CPU
		{1610E5B1-9B70-4C8A-B7E2-C059F78C1080}.Debug|Any CPU.ActiveCfg = Debug|Any CPU
		{1610E5B1-9B70-4C8A-B7E2-C059F78C1080}.Debug|Any CPU.Build.0 = Debug|Any CPU
		{1610E5B1-9B70-4C8A-B7E2-C059F78C1080}.Release|Any CPU.ActiveCfg = Release|Any CPU
		{1610E5B1-9B70-4C8A-B7E2-C059F78C1080}.Release|Any CPU.Build.0 = Release|Any CPU
		{7A53553A-DD9C-4AF3-A062-4CAD25A32D09}.Debug|Any CPU.ActiveCfg = Debug|Any CPU
		{7A53553A-DD9C-4AF3-A062-4CAD25A32D09}.Debug|Any CPU.Build.0 = Debug|Any CPU
		{7A53553A-DD9C-4AF3-A062-4CAD25A32D09}.Release|Any CPU.ActiveCfg = Release|Any CPU
		{7A53553A-DD9C-4AF3-A062-4CAD25A32D09}.Release|Any CPU.Build.0 = Release|Any CPU
		{50932F22-6F8B-40DB-BBB7-0BAE9FBCC458}.Debug|Any CPU.ActiveCfg = Debug|Any CPU
		{50932F22-6F8B-40DB-BBB7-0BAE9FBCC458}.Debug|Any CPU.Build.0 = Debug|Any CPU
		{50932F22-6F8B-40DB-BBB7-0BAE9FBCC458}.Release|Any CPU.ActiveCfg = Release|Any CPU
		{50932F22-6F8B-40DB-BBB7-0BAE9FBCC458}.Release|Any CPU.Build.0 = Release|Any CPU
		{2205C6B7-941B-4C29-9435-55FE4F7823B7}.Debug|Any CPU.ActiveCfg = Debug|Any CPU
		{2205C6B7-941B-4C29-9435-55FE4F7823B7}.Debug|Any CPU.Build.0 = Debug|Any CPU
		{2205C6B7-941B-4C29-9435-55FE4F7823B7}.Release|Any CPU.ActiveCfg = Release|Any CPU
		{2205C6B7-941B-4C29-9435-55FE4F7823B7}.Release|Any CPU.Build.0 = Release|Any CPU
		{860B4662-A07A-47E4-B14A-481E4AF40DD7}.Debug|Any CPU.ActiveCfg = Debug|Any CPU
		{860B4662-A07A-47E4-B14A-481E4AF40DD7}.Debug|Any CPU.Build.0 = Debug|Any CPU
		{860B4662-A07A-47E4-B14A-481E4AF40DD7}.Release|Any CPU.ActiveCfg = Release|Any CPU
		{860B4662-A07A-47E4-B14A-481E4AF40DD7}.Release|Any CPU.Build.0 = Release|Any CPU
		{1ED690E0-7F11-4041-973C-48D14DDB39E8}.Debug|Any CPU.ActiveCfg = Debug|Any CPU
		{1ED690E0-7F11-4041-973C-48D14DDB39E8}.Debug|Any CPU.Build.0 = Debug|Any CPU
		{1ED690E0-7F11-4041-973C-48D14DDB39E8}.Release|Any CPU.ActiveCfg = Release|Any CPU
		{1ED690E0-7F11-4041-973C-48D14DDB39E8}.Release|Any CPU.Build.0 = Release|Any CPU
		{2ECCB57A-66A4-4CD9-B46F-B5B4267D935D}.Debug|Any CPU.ActiveCfg = Debug|Any CPU
		{2ECCB57A-66A4-4CD9-B46F-B5B4267D935D}.Debug|Any CPU.Build.0 = Debug|Any CPU
		{2ECCB57A-66A4-4CD9-B46F-B5B4267D935D}.Release|Any CPU.ActiveCfg = Release|Any CPU
		{2ECCB57A-66A4-4CD9-B46F-B5B4267D935D}.Release|Any CPU.Build.0 = Release|Any CPU
		{6CF3105B-A7F0-43F9-B5B9-2C17BD05A1CB}.Debug|Any CPU.ActiveCfg = Debug|Any CPU
		{6CF3105B-A7F0-43F9-B5B9-2C17BD05A1CB}.Debug|Any CPU.Build.0 = Debug|Any CPU
		{6CF3105B-A7F0-43F9-B5B9-2C17BD05A1CB}.Release|Any CPU.ActiveCfg = Release|Any CPU
		{6CF3105B-A7F0-43F9-B5B9-2C17BD05A1CB}.Release|Any CPU.Build.0 = Release|Any CPU
		{A46F1B7C-7B72-4506-8F43-BF2BA3215E1D}.Debug|Any CPU.ActiveCfg = Debug|Any CPU
		{A46F1B7C-7B72-4506-8F43-BF2BA3215E1D}.Debug|Any CPU.Build.0 = Debug|Any CPU
		{A46F1B7C-7B72-4506-8F43-BF2BA3215E1D}.Release|Any CPU.ActiveCfg = Release|Any CPU
		{A46F1B7C-7B72-4506-8F43-BF2BA3215E1D}.Release|Any CPU.Build.0 = Release|Any CPU
		{F87A0CE6-3357-4404-8D11-1EECE3550C55}.Debug|Any CPU.ActiveCfg = Debug|Any CPU
		{F87A0CE6-3357-4404-8D11-1EECE3550C55}.Debug|Any CPU.Build.0 = Debug|Any CPU
		{F87A0CE6-3357-4404-8D11-1EECE3550C55}.Release|Any CPU.ActiveCfg = Release|Any CPU
		{F87A0CE6-3357-4404-8D11-1EECE3550C55}.Release|Any CPU.Build.0 = Release|Any CPU
		{38897B66-2F7B-4A53-BA24-AB4DE7372847}.Debug|Any CPU.ActiveCfg = Debug|Any CPU
		{38897B66-2F7B-4A53-BA24-AB4DE7372847}.Debug|Any CPU.Build.0 = Debug|Any CPU
		{38897B66-2F7B-4A53-BA24-AB4DE7372847}.Release|Any CPU.ActiveCfg = Release|Any CPU
		{38897B66-2F7B-4A53-BA24-AB4DE7372847}.Release|Any CPU.Build.0 = Release|Any CPU
		{1C1DF62A-2CC7-43CE-ACCB-EC2474564747}.Debug|Any CPU.ActiveCfg = Debug|Any CPU
		{1C1DF62A-2CC7-43CE-ACCB-EC2474564747}.Debug|Any CPU.Build.0 = Debug|Any CPU
		{1C1DF62A-2CC7-43CE-ACCB-EC2474564747}.Release|Any CPU.ActiveCfg = Release|Any CPU
		{1C1DF62A-2CC7-43CE-ACCB-EC2474564747}.Release|Any CPU.Build.0 = Release|Any CPU
		{0C544B41-58B1-4848-8C6A-F1D340513057}.Debug|Any CPU.ActiveCfg = Debug|Any CPU
		{0C544B41-58B1-4848-8C6A-F1D340513057}.Debug|Any CPU.Build.0 = Debug|Any CPU
		{0C544B41-58B1-4848-8C6A-F1D340513057}.Release|Any CPU.ActiveCfg = Release|Any CPU
		{0C544B41-58B1-4848-8C6A-F1D340513057}.Release|Any CPU.Build.0 = Release|Any CPU
		{ABC2D21E-F55C-438E-B0A6-8ECE2B597A25}.Debug|Any CPU.ActiveCfg = Debug|Any CPU
		{ABC2D21E-F55C-438E-B0A6-8ECE2B597A25}.Debug|Any CPU.Build.0 = Debug|Any CPU
		{ABC2D21E-F55C-438E-B0A6-8ECE2B597A25}.Release|Any CPU.ActiveCfg = Release|Any CPU
		{ABC2D21E-F55C-438E-B0A6-8ECE2B597A25}.Release|Any CPU.Build.0 = Release|Any CPU
		{79FC93A8-80CD-47E0-8F28-BD085F1F229E}.Debug|Any CPU.ActiveCfg = Debug|Any CPU
		{79FC93A8-80CD-47E0-8F28-BD085F1F229E}.Debug|Any CPU.Build.0 = Debug|Any CPU
		{79FC93A8-80CD-47E0-8F28-BD085F1F229E}.Release|Any CPU.ActiveCfg = Release|Any CPU
		{79FC93A8-80CD-47E0-8F28-BD085F1F229E}.Release|Any CPU.Build.0 = Release|Any CPU
		{45B51B84-DA5A-4234-987B-AF7643CAAD26}.Debug|Any CPU.ActiveCfg = Debug|Any CPU
		{45B51B84-DA5A-4234-987B-AF7643CAAD26}.Debug|Any CPU.Build.0 = Debug|Any CPU
		{45B51B84-DA5A-4234-987B-AF7643CAAD26}.Release|Any CPU.ActiveCfg = Release|Any CPU
		{45B51B84-DA5A-4234-987B-AF7643CAAD26}.Release|Any CPU.Build.0 = Release|Any CPU
		{4554BC99-81EF-4EA9-86CC-801E2978C0A8}.Debug|Any CPU.ActiveCfg = Debug|Any CPU
		{4554BC99-81EF-4EA9-86CC-801E2978C0A8}.Debug|Any CPU.Build.0 = Debug|Any CPU
		{4554BC99-81EF-4EA9-86CC-801E2978C0A8}.Release|Any CPU.ActiveCfg = Release|Any CPU
		{4554BC99-81EF-4EA9-86CC-801E2978C0A8}.Release|Any CPU.Build.0 = Release|Any CPU
	EndGlobalSection
	GlobalSection(SolutionProperties) = preSolution
		HideSolutionNode = FALSE
	EndGlobalSection
	GlobalSection(NestedProjects) = preSolution
		{C2350544-4B09-42CC-ACA8-1684C62D535F} = {02EA681E-C7D8-13C7-8484-4AC65E1B71E8}
		{A6DB37A4-9892-4B2A-9165-8A4DCE216561} = {02EA681E-C7D8-13C7-8484-4AC65E1B71E8}
		{6D6E3D53-725C-4BF7-B1E5-136938C30A66} = {02EA681E-C7D8-13C7-8484-4AC65E1B71E8}
		{E4F5FFA3-E122-4D51-93EC-02DE8F7C2857} = {17C54FBF-2FFF-4C26-AAD7-1680E54A386A}
		{C53076A4-8029-45DC-8B03-5AD28A5F6006} = {17C54FBF-2FFF-4C26-AAD7-1680E54A386A}
		{EB1F1336-97DA-4975-81EA-FCBC0A41F413} = {17C54FBF-2FFF-4C26-AAD7-1680E54A386A}
		{E37484D6-DCD1-4FFA-BDB5-55A52CB1761B} = {9079F341-1D37-49FE-9EF9-BFB3FCA55D3D}
		{1610E5B1-9B70-4C8A-B7E2-C059F78C1080} = {9079F341-1D37-49FE-9EF9-BFB3FCA55D3D}
		{7A53553A-DD9C-4AF3-A062-4CAD25A32D09} = {9079F341-1D37-49FE-9EF9-BFB3FCA55D3D}
		{50932F22-6F8B-40DB-BBB7-0BAE9FBCC458} = {A6442C9C-46AA-40AA-B968-3829B036510A}
		{2205C6B7-941B-4C29-9435-55FE4F7823B7} = {A6442C9C-46AA-40AA-B968-3829B036510A}
		{860B4662-A07A-47E4-B14A-481E4AF40DD7} = {A6442C9C-46AA-40AA-B968-3829B036510A}
		{1ED690E0-7F11-4041-973C-48D14DDB39E8} = {0B59CE46-597B-421D-91AC-9F88447F5FA5}
		{2ECCB57A-66A4-4CD9-B46F-B5B4267D935D} = {0B59CE46-597B-421D-91AC-9F88447F5FA5}
		{6CF3105B-A7F0-43F9-B5B9-2C17BD05A1CB} = {0B59CE46-597B-421D-91AC-9F88447F5FA5}
		{A46F1B7C-7B72-4506-8F43-BF2BA3215E1D} = {1411B14B-D54A-4210-B1D0-BCB1F13032DD}
		{F87A0CE6-3357-4404-8D11-1EECE3550C55} = {1411B14B-D54A-4210-B1D0-BCB1F13032DD}
		{38897B66-2F7B-4A53-BA24-AB4DE7372847} = {1411B14B-D54A-4210-B1D0-BCB1F13032DD}
		{1C1DF62A-2CC7-43CE-ACCB-EC2474564747} = {2F28F22D-5ECE-47DF-B238-88685CF0609A}
		{0C544B41-58B1-4848-8C6A-F1D340513057} = {2F28F22D-5ECE-47DF-B238-88685CF0609A}
		{ABC2D21E-F55C-438E-B0A6-8ECE2B597A25} = {2F28F22D-5ECE-47DF-B238-88685CF0609A}
		{79FC93A8-80CD-47E0-8F28-BD085F1F229E} = {F8A6CFB4-19AF-47AB-BC66-EC84387DFA89}
		{45B51B84-DA5A-4234-987B-AF7643CAAD26} = {F8A6CFB4-19AF-47AB-BC66-EC84387DFA89}
		{4554BC99-81EF-4EA9-86CC-801E2978C0A8} = {F8A6CFB4-19AF-47AB-BC66-EC84387DFA89}
	EndGlobalSection
	GlobalSection(ExtensibilityGlobals) = postSolution
		SolutionGuid = {8E9799BF-1C0A-40D3-9F85-BB895C0B2B30}
	EndGlobalSection
EndGlobal
