
Microsoft Visual Studio Solution File, Format Version 12.00
# Visual Studio Version 17
VisualStudioVersion = 17.14.36429.23 d17.14
MinimumVisualStudioVersion = 10.0.40219.1
Project("{2150E333-8FDC-42A3-9474-1A3956D46DE8}") = "Task0", "Task0", "{02EA681E-C7D8-13C7-8484-4AC65E1B71E8}"
EndProject
Project("{FAE04EC0-301F-11D3-BF4B-00C04F79EFBC}") = "Tyuiu.KruchininEP.Sprint5.Task0.V23", "Tyuiu.KruchininEP.Sprint5.Task0.V23\Tyuiu.KruchininEP.Sprint5.Task0.V23.csproj", "{C2350544-4B09-42CC-ACA8-1684C62D535F}"
EndProject
Project("{FAE04EC0-301F-11D3-BF4B-00C04F79EFBC}") = "Tyuiu.KruchininEP.Sprint5.Task0.V23.Lib", "Tyuiu.KruchininEP.Sprint5.Task0.V23.Lib\Tyuiu.KruchininEP.Sprint5.Task0.V23.Lib.csproj", "{A6DB37A4-9892-4B2A-9165-8A4DCE216561}"
EndProject
Project("{FAE04EC0-301F-11D3-BF4B-00C04F79EFBC}") = "Tyuiu.KruchininEP.Sprint5.Task0.V23.Test", "Tyuiu.KruchininEP.Sprint5.Task0.V23.Test\Tyuiu.KruchininEP.Sprint5.Task0.V23.Test.csproj", "{6D6E3D53-725C-4BF7-B1E5-136938C30A66}"
EndProject
Project("{2150E333-8FDC-42A3-9474-1A3956D46DE8}") = "Task1", "Task1", "{17C54FBF-2FFF-4C26-AAD7-1680E54A386A}"
EndProject
Project("{FAE04EC0-301F-11D3-BF4B-00C04F79EFBC}") = "Tyuiu.KruchininEP.Sprint5.Task1.V2", "Tyuiu.KruchininEP.Sprint5.Task1.V2\Tyuiu.KruchininEP.Sprint5.Task1.V2.csproj", "{E4F5FFA3-E122-4D51-93EC-02DE8F7C2857}"
EndProject
Project("{FAE04EC0-301F-11D3-BF4B-00C04F79EFBC}") = "Tyuiu.KruchininEP.Sprint5.Task1.V2.Lib", "Tyuiu.KruchininEP.Sprint5.Task1.V2.Lib\Tyuiu.KruchininEP.Sprint5.Task1.V2.Lib.csproj", "{C53076A4-8029-45DC-8B03-5AD28A5F6006}"
EndProject
Project("{FAE04EC0-301F-11D3-BF4B-00C04F79EFBC}") = "Tyuiu.KruchininEP.Sprint5.Task1.V2.Test", "Tyuiu.KruchininEP.Sprint5.Task1.V2.Test\Tyuiu.KruchininEP.Sprint5.Task1.V2.Test.csproj", "{EB1F1336-97DA-4975-81EA-FCBC0A41F413}"
EndProject
Global
	GlobalSection(SolutionConfigurationPlatforms) = preSolution
		Debug|Any CPU = Debug|Any CPU
		Release|Any CPU = Release|Any CPU
	EndGlobalSection
	GlobalSection(ProjectConfigurationPlatforms) = postSolution
		{C2350544-4B09-42CC-ACA8-1684C62D535F}.Debug|Any CPU.ActiveCfg = Debug|Any CPU
		{C2350544-4B09-42CC-ACA8-1684C62D535F}.Debug|Any CPU.Build.0 = Debug|Any CPU
		{C2350544-4B09-42CC-ACA8-1684C62D535F}.Release|Any CPU.ActiveCfg = Release|Any CPU
		{C2350544-4B09-42CC-ACA8-1684C62D535F}.Release|Any CPU.Build.0 = Release|Any CPU
		{A6DB37A4-9892-4B2A-9165-8A4DCE216561}.Debug|Any CPU.ActiveCfg = Debug|Any CPU
		{A6DB37A4-9892-4B2A-9165-8A4DCE216561}.Debug|Any CPU.Build.0 = Debug|Any CPU
		{A6DB37A4-9892-4B2A-9165-8A4DCE216561}.Release|Any CPU.ActiveCfg = Release|Any CPU
		{A6DB37A4-9892-4B2A-9165-8A4DCE216561}.Release|Any CPU.Build.0 = Release|Any CPU
		{6D6E3D53-725C-4BF7-B1E5-136938C30A66}.Debug|Any CPU.ActiveCfg = Debug|Any CPU
		{6D6E3D53-725C-4BF7-B1E5-136938C30A66}.Debug|Any CPU.Build.0 = Debug|Any CPU
		{6D6E3D53-725C-4BF7-B1E5-136938C30A66}.Release|Any CPU.ActiveCfg = Release|Any CPU
		{6D6E3D53-725C-4BF7-B1E5-136938C30A66}.Release|Any CPU.Build.0 = Release|Any CPU
		{E4F5FFA3-E122-4D51-93EC-02DE8F7C2857}.Debug|Any CPU.ActiveCfg = Debug|Any CPU
		{E4F5FFA3-E122-4D51-93EC-02DE8F7C2857}.Debug|Any CPU.Build.0 = Debug|Any CPU
		{E4F5FFA3-E122-4D51-93EC-02DE8F7C2857}.Release|Any CPU.ActiveCfg = Release|Any CPU
		{E4F5FFA3-E122-4D51-93EC-02DE8F7C2857}.Release|Any CPU.Build.0 = Release|Any CPU
		{C53076A4-8029-45DC-8B03-5AD28A5F6006}.Debug|Any CPU.ActiveCfg = Debug|Any CPU
		{C53076A4-8029-45DC-8B03-5AD28A5F6006}.Debug|Any CPU.Build.0 = Debug|Any CPU
		{C53076A4-8029-45DC-8B03-5AD28A5F6006}.Release|Any CPU.ActiveCfg = Release|Any CPU
		{C53076A4-8029-45DC-8B03-5AD28A5F6006}.Release|Any CPU.Build.0 = Release|Any CPU
		{EB1F1336-97DA-4975-81EA-FCBC0A41F413}.Debug|Any CPU.ActiveCfg = Debug|Any CPU
		{EB1F1336-97DA-4975-81EA-FCBC0A41F413}.Debug|Any CPU.Build.0 = Debug|Any CPU
		{EB1F1336-97DA-4975-81EA-FCBC0A41F413}.Release|Any CPU.ActiveCfg = Release|Any CPU
		{EB1F1336-97DA-4975-81EA-FCBC0A41F413}.Release|Any CPU.Build.0 = Release|Any CPU
	EndGlobalSection
	GlobalSection(SolutionProperties) = preSolution
		HideSolutionNode = FALSE
	EndGlobalSection
	GlobalSection(NestedProjects) = preSolution
		{C2350544-4B09-42CC-ACA8-1684C62D535F} = {02EA681E-C7D8-13C7-8484-4AC65E1B71E8}
		{A6DB37A4-9892-4B2A-9165-8A4DCE216561} = {02EA681E-C7D8-13C7-8484-4AC65E1B71E8}
		{6D6E3D53-725C-4BF7-B1E5-136938C30A66} = {02EA681E-C7D8-13C7-8484-4AC65E1B71E8}
		{E4F5FFA3-E122-4D51-93EC-02DE8F7C2857} = {17C54FBF-2FFF-4C26-AAD7-1680E54A386A}
		{C53076A4-8029-45DC-8B03-5AD28A5F6006} = {17C54FBF-2FFF-4C26-AAD7-1680E54A386A}
		{EB1F1336-97DA-4975-81EA-FCBC0A41F413} = {17C54FBF-2FFF-4C26-AAD7-1680E54A386A}
	EndGlobalSection
	GlobalSection(ExtensibilityGlobals) = postSolution
		SolutionGuid = {8E9799BF-1C0A-40D3-9F85-BB895C0B2B30}
	EndGlobalSection
EndGlobal
